{
    "_meta": {
        "hash": {
            "sha256": "e02a1eefca464475e739173405822cc8c963a2ef67bd52a820ed0615c570fdb4"
        },
        "pipfile-spec": 6,
        "requires": {
            "python_version": "3.6"
        },
        "sources": [
            {
                "name": "pypi",
                "url": "https://pypi.python.org/simple",
                "verify_ssl": true
            }
        ]
    },
    "default": {
        "dbussy": {
            "hashes": [
                "sha256:ddb45284335daeb6d6b74863f661d52fce158e6596f0ebb7bcbc6dd4dd9432a5"
            ],
            "index": "pypi",
            "version": "==1.1"
        }
    },
    "develop": {}
}
