# This file is automatically @generated by Poetry 1.4.2 and should not be changed by hand.

[[package]]
name = "dbussy"
version = "1.3"
description = "language bindings for libdbus, for Python 3.5 or later"
category = "main"
optional = false
python-versions = "*"
files = [
    {file = "DBussy-1.3-py35-none-any.whl", hash = "sha256:511cf4c76b9c82fa08075ebee01eb9331fe1277404fab52924a083d9ae3f62b3"},
]

[[package]]
name = "pytoml"
version = "0.1.21"
description = "A parser for TOML-0.4.0"
category = "main"
optional = false
python-versions = "*"
files = [
    {file = "pytoml-0.1.21-py2.py3-none-any.whl", hash = "sha256:57a21e6347049f73bfb62011ff34cd72774c031b9828cb628a752225136dfc33"},
    {file = "pytoml-0.1.21.tar.gz", hash = "sha256:8eecf7c8d0adcff3b375b09fe403407aa9b645c499e5ab8cac670ac4a35f61e7"},
]

[metadata]
lock-version = "2.0"
python-versions = "^3.8"
content-hash = "6780c7d8ac07260e8018ef3f01730be9a6b4bf9df6e6c54145acf67ba862782f"
