# This file is automatically @generated by Poetry 1.4.2 and should not be changed by hand.

[[package]]
name = "dbussy"
version = "1.3"
description = "language bindings for libdbus, for Python 3.5 or later"
category = "main"
optional = false
python-versions = "*"
files = [
    {file = "DBussy-1.3-py35-none-any.whl", hash = "sha256:511cf4c76b9c82fa08075ebee01eb9331fe1277404fab52924a083d9ae3f62b3"},
]

[[package]]
name = "tomli"
version = "2.0.1"
description = "A lil' TOML parser"
category = "main"
optional = false
python-versions = ">=3.7"
files = [
    {file = "tomli-2.0.1-py3-none-any.whl", hash = "sha256:939de3e7a6161af0c887ef91b7d41a53e7c5a1ca976325f429cb46ea9bc30ecc"},
    {file = "tomli-2.0.1.tar.gz", hash = "sha256:de526c12914f0c550d15924c62d72abc48d6fe7364aa87328337a31007fe8a4f"},
]

[metadata]
lock-version = "2.0"
python-versions = "^3.8"
content-hash = "df6811d757d916e23c0dc0e1ccc0f82151e068bbb4c6fe1b12efb20c4d38282d"
